
Microsoft Visual Studio Solution File, Format Version 12.00
# Visual Studio Version 17
VisualStudioVersion = 17.7.34003.232
MinimumVisualStudioVersion = 10.0.40219.1
Project("{FAE04EC0-301F-11D3-BF4B-00C04F79EFBC}") = "Orai1", "Orai1\Orai1.csproj", "{97BD14F2-C7F7-4CF7-828E-C25CB0BFFEE2}"
EndProject
Project("{FAE04EC0-301F-11D3-BF4B-00C04F79EFBC}") = "Data", "Data\Data.csproj", "{82840804-694B-4130-9269-6284F5C2DBC7}"
EndProject
Global
	GlobalSection(SolutionConfigurationPlatforms) = preSolution
		Debug|Any CPU = Debug|Any CPU
		Release|Any CPU = Release|Any CPU
	EndGlobalSection
	GlobalSection(ProjectConfigurationPlatforms) = postSolution
		{97BD14F2-C7F7-4CF7-828E-C25CB0BFFEE2}.Debug|Any CPU.ActiveCfg = Debug|Any CPU
		{97BD14F2-C7F7-4CF7-828E-C25CB0BFFEE2}.Debug|Any CPU.Build.0 = Debug|Any CPU
		{97BD14F2-C7F7-4CF7-828E-C25CB0BFFEE2}.Release|Any CPU.ActiveCfg = Release|Any CPU
		{97BD14F2-C7F7-4CF7-828E-C25CB0BFFEE2}.Release|Any CPU.Build.0 = Release|Any CPU
		{82840804-694B-4130-9269-6284F5C2DBC7}.Debug|Any CPU.ActiveCfg = Debug|Any CPU
		{82840804-694B-4130-9269-6284F5C2DBC7}.Debug|Any CPU.Build.0 = Debug|Any CPU
		{82840804-694B-4130-9269-6284F5C2DBC7}.Release|Any CPU.ActiveCfg = Release|Any CPU
		{82840804-694B-4130-9269-6284F5C2DBC7}.Release|Any CPU.Build.0 = Release|Any CPU
	EndGlobalSection
	GlobalSection(SolutionProperties) = preSolution
		HideSolutionNode = FALSE
	EndGlobalSection
	GlobalSection(ExtensibilityGlobals) = postSolution
		SolutionGuid = {0AECCB1E-6BE4-44A0-8534-C9359BBB6814}
	EndGlobalSection
EndGlobal
